
Microsoft Visual Studio Solution File, Format Version 12.00
# Visual Studio Version 17
VisualStudioVersion = 17.3.32929.385
MinimumVisualStudioVersion = 10.0.40219.1
Project("{9A19103F-16F7-4668-BE54-9A1E7A4F7556}") = "Day01A", "Day01A\Day01A.csproj", "{01D3B47B-CE80-4475-B559-A3A2A2E454A3}"
EndProject
Project("{9A19103F-16F7-4668-BE54-9A1E7A4F7556}") = "Day01B", "Day01B\Day01B.csproj", "{96B3C99A-AE72-4B9F-BAA2-503F1373120C}"
EndProject
Project("{9A19103F-16F7-4668-BE54-9A1E7A4F7556}") = "Day02A", "Day02A\Day02A.csproj", "{1224A6F3-D0FE-49B9-8A42-05412F97C0C7}"
EndProject
Project("{9A19103F-16F7-4668-BE54-9A1E7A4F7556}") = "Day02B", "Day02B\Day02B.csproj", "{16DD3CED-6BB5-4046-A6B2-161479D511C2}"
EndProject
Project("{9A19103F-16F7-4668-BE54-9A1E7A4F7556}") = "Day03A", "Day03A\Day03A.csproj", "{A6755D03-63B7-4A18-BC29-D91733360191}"
EndProject
Project("{9A19103F-16F7-4668-BE54-9A1E7A4F7556}") = "Day03B", "Day03B\Day03B.csproj", "{9DC26B5E-627B-4CB1-AB23-F6557EC0B61E}"
EndProject
Project("{9A19103F-16F7-4668-BE54-9A1E7A4F7556}") = "Day04A", "Day04A\Day04A.csproj", "{FBAC53FB-EEFB-4203-A46F-A9F8D3672194}"
EndProject
Project("{9A19103F-16F7-4668-BE54-9A1E7A4F7556}") = "Day04B", "Day04B\Day04B.csproj", "{D58E3624-A9FC-4931-99E6-BE276A9EE771}"
EndProject
Project("{FAE04EC0-301F-11D3-BF4B-00C04F79EFBC}") = "Day05A", "Day05A\Day05A.csproj", "{CBBA2737-BE60-4F3E-9F27-5A2863776DA7}"
EndProject
Project("{FAE04EC0-301F-11D3-BF4B-00C04F79EFBC}") = "Day05B", "Day05B\Day05B.csproj", "{625A9463-3F62-4E81-A90B-9592C5F80360}"
EndProject
Project("{9A19103F-16F7-4668-BE54-9A1E7A4F7556}") = "Day08A", "Day08A\Day08A.csproj", "{8171E338-C7A2-4B98-868B-37C5A1AD3F0A}"
EndProject
Project("{9A19103F-16F7-4668-BE54-9A1E7A4F7556}") = "Day08B", "Day08B\Day08B.csproj", "{E6A43761-A2BD-4EE4-8D59-18CD90E52FF5}"
EndProject
Project("{FAE04EC0-301F-11D3-BF4B-00C04F79EFBC}") = "Day09A", "Day09A\Day09A.csproj", "{0C7DCAA4-E805-4AD3-9386-5964E60182F3}"
EndProject
Project("{FAE04EC0-301F-11D3-BF4B-00C04F79EFBC}") = "Day09B", "Day09B\Day09B.csproj", "{EE85D49C-154F-4F9E-9A21-947FD429CF8B}"
EndProject
Global
	GlobalSection(SolutionConfigurationPlatforms) = preSolution
		Debug|Any CPU = Debug|Any CPU
		Release|Any CPU = Release|Any CPU
	EndGlobalSection
	GlobalSection(ProjectConfigurationPlatforms) = postSolution
		{01D3B47B-CE80-4475-B559-A3A2A2E454A3}.Debug|Any CPU.ActiveCfg = Debug|Any CPU
		{01D3B47B-CE80-4475-B559-A3A2A2E454A3}.Debug|Any CPU.Build.0 = Debug|Any CPU
		{01D3B47B-CE80-4475-B559-A3A2A2E454A3}.Release|Any CPU.ActiveCfg = Release|Any CPU
		{01D3B47B-CE80-4475-B559-A3A2A2E454A3}.Release|Any CPU.Build.0 = Release|Any CPU
		{96B3C99A-AE72-4B9F-BAA2-503F1373120C}.Debug|Any CPU.ActiveCfg = Debug|Any CPU
		{96B3C99A-AE72-4B9F-BAA2-503F1373120C}.Debug|Any CPU.Build.0 = Debug|Any CPU
		{96B3C99A-AE72-4B9F-BAA2-503F1373120C}.Release|Any CPU.ActiveCfg = Release|Any CPU
		{96B3C99A-AE72-4B9F-BAA2-503F1373120C}.Release|Any CPU.Build.0 = Release|Any CPU
		{1224A6F3-D0FE-49B9-8A42-05412F97C0C7}.Debug|Any CPU.ActiveCfg = Debug|Any CPU
		{1224A6F3-D0FE-49B9-8A42-05412F97C0C7}.Debug|Any CPU.Build.0 = Debug|Any CPU
		{1224A6F3-D0FE-49B9-8A42-05412F97C0C7}.Release|Any CPU.ActiveCfg = Release|Any CPU
		{1224A6F3-D0FE-49B9-8A42-05412F97C0C7}.Release|Any CPU.Build.0 = Release|Any CPU
		{16DD3CED-6BB5-4046-A6B2-161479D511C2}.Debug|Any CPU.ActiveCfg = Debug|Any CPU
		{16DD3CED-6BB5-4046-A6B2-161479D511C2}.Debug|Any CPU.Build.0 = Debug|Any CPU
		{16DD3CED-6BB5-4046-A6B2-161479D511C2}.Release|Any CPU.ActiveCfg = Release|Any CPU
		{16DD3CED-6BB5-4046-A6B2-161479D511C2}.Release|Any CPU.Build.0 = Release|Any CPU
		{A6755D03-63B7-4A18-BC29-D91733360191}.Debug|Any CPU.ActiveCfg = Debug|Any CPU
		{A6755D03-63B7-4A18-BC29-D91733360191}.Debug|Any CPU.Build.0 = Debug|Any CPU
		{A6755D03-63B7-4A18-BC29-D91733360191}.Release|Any CPU.ActiveCfg = Release|Any CPU
		{A6755D03-63B7-4A18-BC29-D91733360191}.Release|Any CPU.Build.0 = Release|Any CPU
		{9DC26B5E-627B-4CB1-AB23-F6557EC0B61E}.Debug|Any CPU.ActiveCfg = Debug|Any CPU
		{9DC26B5E-627B-4CB1-AB23-F6557EC0B61E}.Debug|Any CPU.Build.0 = Debug|Any CPU
		{9DC26B5E-627B-4CB1-AB23-F6557EC0B61E}.Release|Any CPU.ActiveCfg = Release|Any CPU
		{9DC26B5E-627B-4CB1-AB23-F6557EC0B61E}.Release|Any CPU.Build.0 = Release|Any CPU
		{FBAC53FB-EEFB-4203-A46F-A9F8D3672194}.Debug|Any CPU.ActiveCfg = Debug|Any CPU
		{FBAC53FB-EEFB-4203-A46F-A9F8D3672194}.Debug|Any CPU.Build.0 = Debug|Any CPU
		{FBAC53FB-EEFB-4203-A46F-A9F8D3672194}.Release|Any CPU.ActiveCfg = Release|Any CPU
		{FBAC53FB-EEFB-4203-A46F-A9F8D3672194}.Release|Any CPU.Build.0 = Release|Any CPU
		{D58E3624-A9FC-4931-99E6-BE276A9EE771}.Debug|Any CPU.ActiveCfg = Debug|Any CPU
		{D58E3624-A9FC-4931-99E6-BE276A9EE771}.Debug|Any CPU.Build.0 = Debug|Any CPU
		{D58E3624-A9FC-4931-99E6-BE276A9EE771}.Release|Any CPU.ActiveCfg = Release|Any CPU
		{D58E3624-A9FC-4931-99E6-BE276A9EE771}.Release|Any CPU.Build.0 = Release|Any CPU
		{CBBA2737-BE60-4F3E-9F27-5A2863776DA7}.Debug|Any CPU.ActiveCfg = Debug|Any CPU
		{CBBA2737-BE60-4F3E-9F27-5A2863776DA7}.Debug|Any CPU.Build.0 = Debug|Any CPU
		{CBBA2737-BE60-4F3E-9F27-5A2863776DA7}.Release|Any CPU.ActiveCfg = Release|Any CPU
		{CBBA2737-BE60-4F3E-9F27-5A2863776DA7}.Release|Any CPU.Build.0 = Release|Any CPU
		{625A9463-3F62-4E81-A90B-9592C5F80360}.Debug|Any CPU.ActiveCfg = Debug|Any CPU
		{625A9463-3F62-4E81-A90B-9592C5F80360}.Debug|Any CPU.Build.0 = Debug|Any CPU
		{625A9463-3F62-4E81-A90B-9592C5F80360}.Release|Any CPU.ActiveCfg = Release|Any CPU
		{625A9463-3F62-4E81-A90B-9592C5F80360}.Release|Any CPU.Build.0 = Release|Any CPU
		{8171E338-C7A2-4B98-868B-37C5A1AD3F0A}.Debug|Any CPU.ActiveCfg = Debug|Any CPU
		{8171E338-C7A2-4B98-868B-37C5A1AD3F0A}.Debug|Any CPU.Build.0 = Debug|Any CPU
		{8171E338-C7A2-4B98-868B-37C5A1AD3F0A}.Release|Any CPU.ActiveCfg = Release|Any CPU
		{8171E338-C7A2-4B98-868B-37C5A1AD3F0A}.Release|Any CPU.Build.0 = Release|Any CPU
		{E6A43761-A2BD-4EE4-8D59-18CD90E52FF5}.Debug|Any CPU.ActiveCfg = Debug|Any CPU
		{E6A43761-A2BD-4EE4-8D59-18CD90E52FF5}.Debug|Any CPU.Build.0 = Debug|Any CPU
		{E6A43761-A2BD-4EE4-8D59-18CD90E52FF5}.Release|Any CPU.ActiveCfg = Release|Any CPU
		{E6A43761-A2BD-4EE4-8D59-18CD90E52FF5}.Release|Any CPU.Build.0 = Release|Any CPU
		{0C7DCAA4-E805-4AD3-9386-5964E60182F3}.Debug|Any CPU.ActiveCfg = Debug|Any CPU
		{0C7DCAA4-E805-4AD3-9386-5964E60182F3}.Debug|Any CPU.Build.0 = Debug|Any CPU
		{0C7DCAA4-E805-4AD3-9386-5964E60182F3}.Release|Any CPU.ActiveCfg = Release|Any CPU
		{0C7DCAA4-E805-4AD3-9386-5964E60182F3}.Release|Any CPU.Build.0 = Release|Any CPU
		{EE85D49C-154F-4F9E-9A21-947FD429CF8B}.Debug|Any CPU.ActiveCfg = Debug|Any CPU
		{EE85D49C-154F-4F9E-9A21-947FD429CF8B}.Debug|Any CPU.Build.0 = Debug|Any CPU
		{EE85D49C-154F-4F9E-9A21-947FD429CF8B}.Release|Any CPU.ActiveCfg = Release|Any CPU
		{EE85D49C-154F-4F9E-9A21-947FD429CF8B}.Release|Any CPU.Build.0 = Release|Any CPU
	EndGlobalSection
	GlobalSection(SolutionProperties) = preSolution
		HideSolutionNode = FALSE
	EndGlobalSection
	GlobalSection(ExtensibilityGlobals) = postSolution
		SolutionGuid = {87C4E12D-8D6C-4DB0-8CE9-F8BC26805006}
	EndGlobalSection
EndGlobal
